
Microsoft Visual Studio Solution File, Format Version 12.00
# Visual Studio 15
VisualStudioVersion = 15.0.26430.14
MinimumVisualStudioVersion = 10.0.40219.1
Project("{FAE04EC0-301F-11D3-BF4B-00C04F79EFBC}") = "Multiplication_Table2", "Multiplication_Table2\Multiplication_Table2.csproj", "{29F164BA-47FF-42A2-8BC5-6E27D3EEB262}"
EndProject
Global
	GlobalSection(SolutionConfigurationPlatforms) = preSolution
		Debug|Any CPU = Debug|Any CPU
		Release|Any CPU = Release|Any CPU
	EndGlobalSection
	GlobalSection(ProjectConfigurationPlatforms) = postSolution
		{29F164BA-47FF-42A2-8BC5-6E27D3EEB262}.Debug|Any CPU.ActiveCfg = Debug|Any CPU
		{29F164BA-47FF-42A2-8BC5-6E27D3EEB262}.Debug|Any CPU.Build.0 = Debug|Any CPU
		{29F164BA-47FF-42A2-8BC5-6E27D3EEB262}.Release|Any CPU.ActiveCfg = Release|Any CPU
		{29F164BA-47FF-42A2-8BC5-6E27D3EEB262}.Release|Any CPU.Build.0 = Release|Any CPU
	EndGlobalSection
	GlobalSection(SolutionProperties) = preSolution
		HideSolutionNode = FALSE
	EndGlobalSection
EndGlobal
